
Microsoft Visual Studio Solution File, Format Version 12.00
# Visual Studio Version 17
VisualStudioVersion = 17.1.32328.378
MinimumVisualStudioVersion = 10.0.40219.1
Project("{8BC9CEB8-8B4A-11D0-8D11-00A0C91BC942}") = "ConsoleApplication1CPP", "ConsoleApplication1CPP\ConsoleApplication1CPP.vcxproj", "{59E69C5B-5F8B-41CA-8411-45203F92B7CF}"
EndProject
Project("{8BC9CEB8-8B4A-11D0-8D11-00A0C91BC942}") = "ex01", "ex01\ex01.vcxproj", "{1EC65C12-6405-4910-A50B-47E9664E3627}"
EndProject
Project("{8BC9CEB8-8B4A-11D0-8D11-00A0C91BC942}") = "list2-4", "list2-4\list2-4.vcxproj", "{2127382F-1CEF-46A2-B629-3441EBF2C657}"
EndProject
Project("{8BC9CEB8-8B4A-11D0-8D11-00A0C91BC942}") = "list2-7", "list2-7\list2-7.vcxproj", "{464EEC8B-5CF0-4808-BC5F-9641583B47BB}"
EndProject
Project("{8BC9CEB8-8B4A-11D0-8D11-00A0C91BC942}") = "ex02", "ex02\ex02.vcxproj", "{030B9CBD-9E6D-4BA8-B254-FC8AAB514FCE}"
EndProject
Project("{8BC9CEB8-8B4A-11D0-8D11-00A0C91BC942}") = "list3-3", "list3-3\list3-3.vcxproj", "{487E4A51-BCAE-462A-A017-12847DBF24E4}"
EndProject
Project("{8BC9CEB8-8B4A-11D0-8D11-00A0C91BC942}") = "list4-3pre", "list4-3pre\list4-3pre.vcxproj", "{3BA6CD90-6FE8-4600-B079-10CCEF4AF594}"
EndProject
Project("{8BC9CEB8-8B4A-11D0-8D11-00A0C91BC942}") = "list3-10", "list3-10\list3-10.vcxproj", "{BE97622A-6C6C-4531-8DF2-B1522D678B8D}"
EndProject
Project("{8BC9CEB8-8B4A-11D0-8D11-00A0C91BC942}") = "list3-1_edit", "list3-1_edit\list3-1_edit.vcxproj", "{A6B6AB30-5343-4E07-96CE-7B9486DC54CB}"
EndProject
Project("{8BC9CEB8-8B4A-11D0-8D11-00A0C91BC942}") = "list3-13", "list3-13\list3-13.vcxproj", "{3FF3DEDC-18D1-46E3-80D0-C7EF1B9AD8E3}"
EndProject
Project("{8BC9CEB8-8B4A-11D0-8D11-00A0C91BC942}") = "list4-3-comp", "list4-3-comp\list4-3-comp.vcxproj", "{64069938-5C13-4551-8260-AD6BE08532CF}"
EndProject
Project("{8BC9CEB8-8B4A-11D0-8D11-00A0C91BC942}") = "ex03", "ex03\ex03.vcxproj", "{953FC973-ADDE-46BE-AA9D-930AB7CFB606}"
EndProject
Project("{8BC9CEB8-8B4A-11D0-8D11-00A0C91BC942}") = "list4-8", "list4-8\list4-8.vcxproj", "{37A114FC-92E6-4FDA-852D-F68EE30F5B99}"
EndProject
Project("{8BC9CEB8-8B4A-11D0-8D11-00A0C91BC942}") = "Pointer_4", "Pointer_4\Pointer_4.vcxproj", "{60355AC3-ADE5-47E9-B616-F05C6FC113AE}"
EndProject
Project("{8BC9CEB8-8B4A-11D0-8D11-00A0C91BC942}") = "pointer_5", "pointer_5\pointer_5.vcxproj", "{2D42C815-B370-48AB-9DEA-3AC6EF989F35}"
EndProject
Project("{9A19103F-16F7-4668-BE54-9A1E7A4F7556}") = "CsharpClassSample", "ClassSample\CsharpClassSample.csproj", "{0A2D1E99-CE20-40F0-A5C6-5ADC16855038}"
EndProject
Project("{8BC9CEB8-8B4A-11D0-8D11-00A0C91BC942}") = "Pointer_MultiDimention", "Pointer_MultiDimention\Pointer_MultiDimention.vcxproj", "{13867BD8-BD02-4B4E-BE8E-8974BA97E302}"
EndProject
Project("{9A19103F-16F7-4668-BE54-9A1E7A4F7556}") = "Csharp_MultiDimention", "Csharp_MultiDimention\Csharp_MultiDimention.csproj", "{9B75EBDC-0E5F-428F-AC63-C979ACD848A1}"
EndProject
Project("{8BC9CEB8-8B4A-11D0-8D11-00A0C91BC942}") = "list4-15", "list4-15\list4-15.vcxproj", "{2B6D6B65-88E1-4F37-92A4-0CD449E891EF}"
EndProject
Project("{8BC9CEB8-8B4A-11D0-8D11-00A0C91BC942}") = "ex04", "ex04\ex04.vcxproj", "{76839042-484C-49F1-AC5F-EB0FF637570B}"
EndProject
Project("{8BC9CEB8-8B4A-11D0-8D11-00A0C91BC942}") = "CPP_struct", "CPP_struct\CPP_struct.vcxproj", "{7036126A-570A-4DEE-AA9F-DDFE9699A95F}"
EndProject
Project("{8BC9CEB8-8B4A-11D0-8D11-00A0C91BC942}") = "ex05", "ex05\ex05.vcxproj", "{FB0C946A-F5CE-4ED8-A135-57CA0BCEA952}"
EndProject
Project("{8BC9CEB8-8B4A-11D0-8D11-00A0C91BC942}") = "CPP_ClassSample", "CPP_ClassSample\CPP_ClassSample.vcxproj", "{DC1E3852-E8D3-4DED-82AF-8AADB9659C97}"
EndProject
Project("{8BC9CEB8-8B4A-11D0-8D11-00A0C91BC942}") = "list5-6", "list5-6\list5-6.vcxproj", "{E2CE187A-03C3-44C7-A8A2-0EE8F5D08A17}"
EndProject
Project("{8BC9CEB8-8B4A-11D0-8D11-00A0C91BC942}") = "list5-12", "list5-12\list5-12.vcxproj", "{2C9827F7-6EEC-4835-9956-E72FCF93AE2D}"
EndProject
Project("{8BC9CEB8-8B4A-11D0-8D11-00A0C91BC942}") = "list6-1", "list6-1\list6-1.vcxproj", "{F19F21B3-53E6-4F3F-A141-81557E5439C6}"
EndProject
Project("{8BC9CEB8-8B4A-11D0-8D11-00A0C91BC942}") = "list6_4", "list6_4\list6_4.vcxproj", "{9E6B3D35-D97B-446D-9DC4-82FB46326D80}"
EndProject
Project("{8BC9CEB8-8B4A-11D0-8D11-00A0C91BC942}") = "ProtectedSample", "ProtectedSample\ProtectedSample.vcxproj", "{8CDB475C-B152-4DE0-B751-F41AA60992A9}"
EndProject
Project("{8BC9CEB8-8B4A-11D0-8D11-00A0C91BC942}") = "List6_7", "List6_7\List6_7.vcxproj", "{BF5C93B4-E202-4405-AAA5-7BAD85B28790}"
EndProject
Project("{8BC9CEB8-8B4A-11D0-8D11-00A0C91BC942}") = "list6_10", "list6_10\list6_10.vcxproj", "{E95A0BAE-85B3-439A-999F-D11BD68A21F1}"
EndProject
Project("{8BC9CEB8-8B4A-11D0-8D11-00A0C91BC942}") = "List6_13", "List6_13\List6_13.vcxproj", "{584383F7-0B43-48DE-A66E-652D264ECE15}"
EndProject
Project("{8BC9CEB8-8B4A-11D0-8D11-00A0C91BC942}") = "MultiInheritance", "MultiInheritance\MultiInheritance.vcxproj", "{8BA107F4-8F7C-43F2-9979-EAA2CE50DAEF}"
EndProject
Project("{8BC9CEB8-8B4A-11D0-8D11-00A0C91BC942}") = "list6_14", "list6_14\list6_14.vcxproj", "{0934B913-12D3-4CF8-AF99-719EE971F41B}"
EndProject
Project("{8BC9CEB8-8B4A-11D0-8D11-00A0C91BC942}") = "list6_15", "list6_15\list6_15.vcxproj", "{43F97E52-BFF1-4A55-8F15-DCF569752A00}"
EndProject
Project("{8BC9CEB8-8B4A-11D0-8D11-00A0C91BC942}") = "list6_16", "list6_16\list6_16.vcxproj", "{0C45F2CB-23DD-434D-B297-977DD61305A4}"
EndProject
Project("{8BC9CEB8-8B4A-11D0-8D11-00A0C91BC942}") = "ex5", "ex5\ex5.vcxproj", "{0E3475F1-F439-41E8-B6C2-7E7433F584F0}"
EndProject
Project("{8BC9CEB8-8B4A-11D0-8D11-00A0C91BC942}") = "ex06", "ex06_ex1\ex06_ex1.vcxproj", "{2339AE82-5CE4-4EA8-8802-1B3E1F5471E4}"
EndProject
Project("{8BC9CEB8-8B4A-11D0-8D11-00A0C91BC942}") = "ex07_ex2", "ex06_ex2\ex06_ex2.vcxproj", "{31E1FFEC-BF30-4A1E-8A0D-FE45837DF082}"
EndProject
Project("{8BC9CEB8-8B4A-11D0-8D11-00A0C91BC942}") = "ex07_ex3", "ex06_ex3\ex06_ex3.vcxproj", "{0CB19575-7E27-47D1-B61F-BD1A6ABDD72C}"
EndProject
Project("{8BC9CEB8-8B4A-11D0-8D11-00A0C91BC942}") = "Ex07_ex4", "Ex06_ex4\Ex06_ex4.vcxproj", "{D56DCE29-AD98-413C-910B-1725716D113F}"
EndProject
Project("{8BC9CEB8-8B4A-11D0-8D11-00A0C91BC942}") = "StringTest", "StringTest\StringTest.vcxproj", "{E1C2013B-B686-4462-A385-E9D05A398DA6}"
EndProject
Project("{8BC9CEB8-8B4A-11D0-8D11-00A0C91BC942}") = "ex07_ex5", "ex07_ex5\ex07_ex5.vcxproj", "{595AAFC3-DA18-4278-8649-A6996E9282FF}"
EndProject
Project("{8BC9CEB8-8B4A-11D0-8D11-00A0C91BC942}") = "ex07_patternA", "ex07_patternA\ex07_patternA.vcxproj", "{A6774928-F167-46DC-9ACC-E69113E9624A}"
EndProject
Project("{8BC9CEB8-8B4A-11D0-8D11-00A0C91BC942}") = "ex07_patternB", "ex07_patternB\ex07_patternB.vcxproj", "{2D985656-F8A0-4A3F-B79B-DB53CD450216}"
EndProject
Project("{FAE04EC0-301F-11D3-BF4B-00C04F79EFBC}") = "ex07_csharp", "ex07_csharp\ex07_csharp.csproj", "{CED60B0D-731C-40E7-AA40-8035B9F55574}"
EndProject
Global
	GlobalSection(SolutionConfigurationPlatforms) = preSolution
		Debug|Any CPU = Debug|Any CPU
		Debug|x64 = Debug|x64
		Debug|x86 = Debug|x86
		Release|Any CPU = Release|Any CPU
		Release|x64 = Release|x64
		Release|x86 = Release|x86
	EndGlobalSection
	GlobalSection(ProjectConfigurationPlatforms) = postSolution
		{59E69C5B-5F8B-41CA-8411-45203F92B7CF}.Debug|Any CPU.ActiveCfg = Debug|x64
		{59E69C5B-5F8B-41CA-8411-45203F92B7CF}.Debug|Any CPU.Build.0 = Debug|x64
		{59E69C5B-5F8B-41CA-8411-45203F92B7CF}.Debug|x64.ActiveCfg = Debug|x64
		{59E69C5B-5F8B-41CA-8411-45203F92B7CF}.Debug|x64.Build.0 = Debug|x64
		{59E69C5B-5F8B-41CA-8411-45203F92B7CF}.Debug|x86.ActiveCfg = Debug|Win32
		{59E69C5B-5F8B-41CA-8411-45203F92B7CF}.Debug|x86.Build.0 = Debug|Win32
		{59E69C5B-5F8B-41CA-8411-45203F92B7CF}.Release|Any CPU.ActiveCfg = Release|x64
		{59E69C5B-5F8B-41CA-8411-45203F92B7CF}.Release|Any CPU.Build.0 = Release|x64
		{59E69C5B-5F8B-41CA-8411-45203F92B7CF}.Release|x64.ActiveCfg = Release|x64
		{59E69C5B-5F8B-41CA-8411-45203F92B7CF}.Release|x64.Build.0 = Release|x64
		{59E69C5B-5F8B-41CA-8411-45203F92B7CF}.Release|x86.ActiveCfg = Release|Win32
		{59E69C5B-5F8B-41CA-8411-45203F92B7CF}.Release|x86.Build.0 = Release|Win32
		{1EC65C12-6405-4910-A50B-47E9664E3627}.Debug|Any CPU.ActiveCfg = Debug|x64
		{1EC65C12-6405-4910-A50B-47E9664E3627}.Debug|Any CPU.Build.0 = Debug|x64
		{1EC65C12-6405-4910-A50B-47E9664E3627}.Debug|x64.ActiveCfg = Debug|x64
		{1EC65C12-6405-4910-A50B-47E9664E3627}.Debug|x64.Build.0 = Debug|x64
		{1EC65C12-6405-4910-A50B-47E9664E3627}.Debug|x86.ActiveCfg = Debug|Win32
		{1EC65C12-6405-4910-A50B-47E9664E3627}.Debug|x86.Build.0 = Debug|Win32
		{1EC65C12-6405-4910-A50B-47E9664E3627}.Release|Any CPU.ActiveCfg = Release|x64
		{1EC65C12-6405-4910-A50B-47E9664E3627}.Release|Any CPU.Build.0 = Release|x64
		{1EC65C12-6405-4910-A50B-47E9664E3627}.Release|x64.ActiveCfg = Release|x64
		{1EC65C12-6405-4910-A50B-47E9664E3627}.Release|x64.Build.0 = Release|x64
		{1EC65C12-6405-4910-A50B-47E9664E3627}.Release|x86.ActiveCfg = Release|Win32
		{1EC65C12-6405-4910-A50B-47E9664E3627}.Release|x86.Build.0 = Release|Win32
		{2127382F-1CEF-46A2-B629-3441EBF2C657}.Debug|Any CPU.ActiveCfg = Debug|x64
		{2127382F-1CEF-46A2-B629-3441EBF2C657}.Debug|Any CPU.Build.0 = Debug|x64
		{2127382F-1CEF-46A2-B629-3441EBF2C657}.Debug|x64.ActiveCfg = Debug|x64
		{2127382F-1CEF-46A2-B629-3441EBF2C657}.Debug|x64.Build.0 = Debug|x64
		{2127382F-1CEF-46A2-B629-3441EBF2C657}.Debug|x86.ActiveCfg = Debug|Win32
		{2127382F-1CEF-46A2-B629-3441EBF2C657}.Debug|x86.Build.0 = Debug|Win32
		{2127382F-1CEF-46A2-B629-3441EBF2C657}.Release|Any CPU.ActiveCfg = Release|x64
		{2127382F-1CEF-46A2-B629-3441EBF2C657}.Release|Any CPU.Build.0 = Release|x64
		{2127382F-1CEF-46A2-B629-3441EBF2C657}.Release|x64.ActiveCfg = Release|x64
		{2127382F-1CEF-46A2-B629-3441EBF2C657}.Release|x64.Build.0 = Release|x64
		{2127382F-1CEF-46A2-B629-3441EBF2C657}.Release|x86.ActiveCfg = Release|Win32
		{2127382F-1CEF-46A2-B629-3441EBF2C657}.Release|x86.Build.0 = Release|Win32
		{464EEC8B-5CF0-4808-BC5F-9641583B47BB}.Debug|Any CPU.ActiveCfg = Debug|x64
		{464EEC8B-5CF0-4808-BC5F-9641583B47BB}.Debug|Any CPU.Build.0 = Debug|x64
		{464EEC8B-5CF0-4808-BC5F-9641583B47BB}.Debug|x64.ActiveCfg = Debug|x64
		{464EEC8B-5CF0-4808-BC5F-9641583B47BB}.Debug|x64.Build.0 = Debug|x64
		{464EEC8B-5CF0-4808-BC5F-9641583B47BB}.Debug|x86.ActiveCfg = Debug|Win32
		{464EEC8B-5CF0-4808-BC5F-9641583B47BB}.Debug|x86.Build.0 = Debug|Win32
		{464EEC8B-5CF0-4808-BC5F-9641583B47BB}.Release|Any CPU.ActiveCfg = Release|x64
		{464EEC8B-5CF0-4808-BC5F-9641583B47BB}.Release|Any CPU.Build.0 = Release|x64
		{464EEC8B-5CF0-4808-BC5F-9641583B47BB}.Release|x64.ActiveCfg = Release|x64
		{464EEC8B-5CF0-4808-BC5F-9641583B47BB}.Release|x64.Build.0 = Release|x64
		{464EEC8B-5CF0-4808-BC5F-9641583B47BB}.Release|x86.ActiveCfg = Release|Win32
		{464EEC8B-5CF0-4808-BC5F-9641583B47BB}.Release|x86.Build.0 = Release|Win32
		{030B9CBD-9E6D-4BA8-B254-FC8AAB514FCE}.Debug|Any CPU.ActiveCfg = Debug|x64
		{030B9CBD-9E6D-4BA8-B254-FC8AAB514FCE}.Debug|Any CPU.Build.0 = Debug|x64
		{030B9CBD-9E6D-4BA8-B254-FC8AAB514FCE}.Debug|x64.ActiveCfg = Debug|x64
		{030B9CBD-9E6D-4BA8-B254-FC8AAB514FCE}.Debug|x64.Build.0 = Debug|x64
		{030B9CBD-9E6D-4BA8-B254-FC8AAB514FCE}.Debug|x86.ActiveCfg = Debug|Win32
		{030B9CBD-9E6D-4BA8-B254-FC8AAB514FCE}.Debug|x86.Build.0 = Debug|Win32
		{030B9CBD-9E6D-4BA8-B254-FC8AAB514FCE}.Release|Any CPU.ActiveCfg = Release|x64
		{030B9CBD-9E6D-4BA8-B254-FC8AAB514FCE}.Release|Any CPU.Build.0 = Release|x64
		{030B9CBD-9E6D-4BA8-B254-FC8AAB514FCE}.Release|x64.ActiveCfg = Release|x64
		{030B9CBD-9E6D-4BA8-B254-FC8AAB514FCE}.Release|x64.Build.0 = Release|x64
		{030B9CBD-9E6D-4BA8-B254-FC8AAB514FCE}.Release|x86.ActiveCfg = Release|Win32
		{030B9CBD-9E6D-4BA8-B254-FC8AAB514FCE}.Release|x86.Build.0 = Release|Win32
		{487E4A51-BCAE-462A-A017-12847DBF24E4}.Debug|Any CPU.ActiveCfg = Debug|x64
		{487E4A51-BCAE-462A-A017-12847DBF24E4}.Debug|Any CPU.Build.0 = Debug|x64
		{487E4A51-BCAE-462A-A017-12847DBF24E4}.Debug|x64.ActiveCfg = Debug|x64
		{487E4A51-BCAE-462A-A017-12847DBF24E4}.Debug|x64.Build.0 = Debug|x64
		{487E4A51-BCAE-462A-A017-12847DBF24E4}.Debug|x86.ActiveCfg = Debug|Win32
		{487E4A51-BCAE-462A-A017-12847DBF24E4}.Debug|x86.Build.0 = Debug|Win32
		{487E4A51-BCAE-462A-A017-12847DBF24E4}.Release|Any CPU.ActiveCfg = Release|x64
		{487E4A51-BCAE-462A-A017-12847DBF24E4}.Release|Any CPU.Build.0 = Release|x64
		{487E4A51-BCAE-462A-A017-12847DBF24E4}.Release|x64.ActiveCfg = Release|x64
		{487E4A51-BCAE-462A-A017-12847DBF24E4}.Release|x64.Build.0 = Release|x64
		{487E4A51-BCAE-462A-A017-12847DBF24E4}.Release|x86.ActiveCfg = Release|Win32
		{487E4A51-BCAE-462A-A017-12847DBF24E4}.Release|x86.Build.0 = Release|Win32
		{3BA6CD90-6FE8-4600-B079-10CCEF4AF594}.Debug|Any CPU.ActiveCfg = Debug|x64
		{3BA6CD90-6FE8-4600-B079-10CCEF4AF594}.Debug|Any CPU.Build.0 = Debug|x64
		{3BA6CD90-6FE8-4600-B079-10CCEF4AF594}.Debug|x64.ActiveCfg = Debug|x64
		{3BA6CD90-6FE8-4600-B079-10CCEF4AF594}.Debug|x64.Build.0 = Debug|x64
		{3BA6CD90-6FE8-4600-B079-10CCEF4AF594}.Debug|x86.ActiveCfg = Debug|Win32
		{3BA6CD90-6FE8-4600-B079-10CCEF4AF594}.Debug|x86.Build.0 = Debug|Win32
		{3BA6CD90-6FE8-4600-B079-10CCEF4AF594}.Release|Any CPU.ActiveCfg = Release|x64
		{3BA6CD90-6FE8-4600-B079-10CCEF4AF594}.Release|Any CPU.Build.0 = Release|x64
		{3BA6CD90-6FE8-4600-B079-10CCEF4AF594}.Release|x64.ActiveCfg = Release|x64
		{3BA6CD90-6FE8-4600-B079-10CCEF4AF594}.Release|x64.Build.0 = Release|x64
		{3BA6CD90-6FE8-4600-B079-10CCEF4AF594}.Release|x86.ActiveCfg = Release|Win32
		{3BA6CD90-6FE8-4600-B079-10CCEF4AF594}.Release|x86.Build.0 = Release|Win32
		{BE97622A-6C6C-4531-8DF2-B1522D678B8D}.Debug|Any CPU.ActiveCfg = Debug|x64
		{BE97622A-6C6C-4531-8DF2-B1522D678B8D}.Debug|Any CPU.Build.0 = Debug|x64
		{BE97622A-6C6C-4531-8DF2-B1522D678B8D}.Debug|x64.ActiveCfg = Debug|x64
		{BE97622A-6C6C-4531-8DF2-B1522D678B8D}.Debug|x64.Build.0 = Debug|x64
		{BE97622A-6C6C-4531-8DF2-B1522D678B8D}.Debug|x86.ActiveCfg = Debug|Win32
		{BE97622A-6C6C-4531-8DF2-B1522D678B8D}.Debug|x86.Build.0 = Debug|Win32
		{BE97622A-6C6C-4531-8DF2-B1522D678B8D}.Release|Any CPU.ActiveCfg = Release|x64
		{BE97622A-6C6C-4531-8DF2-B1522D678B8D}.Release|Any CPU.Build.0 = Release|x64
		{BE97622A-6C6C-4531-8DF2-B1522D678B8D}.Release|x64.ActiveCfg = Release|x64
		{BE97622A-6C6C-4531-8DF2-B1522D678B8D}.Release|x64.Build.0 = Release|x64
		{BE97622A-6C6C-4531-8DF2-B1522D678B8D}.Release|x86.ActiveCfg = Release|Win32
		{BE97622A-6C6C-4531-8DF2-B1522D678B8D}.Release|x86.Build.0 = Release|Win32
		{A6B6AB30-5343-4E07-96CE-7B9486DC54CB}.Debug|Any CPU.ActiveCfg = Debug|x64
		{A6B6AB30-5343-4E07-96CE-7B9486DC54CB}.Debug|Any CPU.Build.0 = Debug|x64
		{A6B6AB30-5343-4E07-96CE-7B9486DC54CB}.Debug|x64.ActiveCfg = Debug|x64
		{A6B6AB30-5343-4E07-96CE-7B9486DC54CB}.Debug|x64.Build.0 = Debug|x64
		{A6B6AB30-5343-4E07-96CE-7B9486DC54CB}.Debug|x86.ActiveCfg = Debug|Win32
		{A6B6AB30-5343-4E07-96CE-7B9486DC54CB}.Debug|x86.Build.0 = Debug|Win32
		{A6B6AB30-5343-4E07-96CE-7B9486DC54CB}.Release|Any CPU.ActiveCfg = Release|x64
		{A6B6AB30-5343-4E07-96CE-7B9486DC54CB}.Release|Any CPU.Build.0 = Release|x64
		{A6B6AB30-5343-4E07-96CE-7B9486DC54CB}.Release|x64.ActiveCfg = Release|x64
		{A6B6AB30-5343-4E07-96CE-7B9486DC54CB}.Release|x64.Build.0 = Release|x64
		{A6B6AB30-5343-4E07-96CE-7B9486DC54CB}.Release|x86.ActiveCfg = Release|Win32
		{A6B6AB30-5343-4E07-96CE-7B9486DC54CB}.Release|x86.Build.0 = Release|Win32
		{3FF3DEDC-18D1-46E3-80D0-C7EF1B9AD8E3}.Debug|Any CPU.ActiveCfg = Debug|x64
		{3FF3DEDC-18D1-46E3-80D0-C7EF1B9AD8E3}.Debug|Any CPU.Build.0 = Debug|x64
		{3FF3DEDC-18D1-46E3-80D0-C7EF1B9AD8E3}.Debug|x64.ActiveCfg = Debug|x64
		{3FF3DEDC-18D1-46E3-80D0-C7EF1B9AD8E3}.Debug|x64.Build.0 = Debug|x64
		{3FF3DEDC-18D1-46E3-80D0-C7EF1B9AD8E3}.Debug|x86.ActiveCfg = Debug|Win32
		{3FF3DEDC-18D1-46E3-80D0-C7EF1B9AD8E3}.Debug|x86.Build.0 = Debug|Win32
		{3FF3DEDC-18D1-46E3-80D0-C7EF1B9AD8E3}.Release|Any CPU.ActiveCfg = Release|x64
		{3FF3DEDC-18D1-46E3-80D0-C7EF1B9AD8E3}.Release|Any CPU.Build.0 = Release|x64
		{3FF3DEDC-18D1-46E3-80D0-C7EF1B9AD8E3}.Release|x64.ActiveCfg = Release|x64
		{3FF3DEDC-18D1-46E3-80D0-C7EF1B9AD8E3}.Release|x64.Build.0 = Release|x64
		{3FF3DEDC-18D1-46E3-80D0-C7EF1B9AD8E3}.Release|x86.ActiveCfg = Release|Win32
		{3FF3DEDC-18D1-46E3-80D0-C7EF1B9AD8E3}.Release|x86.Build.0 = Release|Win32
		{64069938-5C13-4551-8260-AD6BE08532CF}.Debug|Any CPU.ActiveCfg = Debug|x64
		{64069938-5C13-4551-8260-AD6BE08532CF}.Debug|Any CPU.Build.0 = Debug|x64
		{64069938-5C13-4551-8260-AD6BE08532CF}.Debug|x64.ActiveCfg = Debug|x64
		{64069938-5C13-4551-8260-AD6BE08532CF}.Debug|x64.Build.0 = Debug|x64
		{64069938-5C13-4551-8260-AD6BE08532CF}.Debug|x86.ActiveCfg = Debug|Win32
		{64069938-5C13-4551-8260-AD6BE08532CF}.Debug|x86.Build.0 = Debug|Win32
		{64069938-5C13-4551-8260-AD6BE08532CF}.Release|Any CPU.ActiveCfg = Release|x64
		{64069938-5C13-4551-8260-AD6BE08532CF}.Release|Any CPU.Build.0 = Release|x64
		{64069938-5C13-4551-8260-AD6BE08532CF}.Release|x64.ActiveCfg = Release|x64
		{64069938-5C13-4551-8260-AD6BE08532CF}.Release|x64.Build.0 = Release|x64
		{64069938-5C13-4551-8260-AD6BE08532CF}.Release|x86.ActiveCfg = Release|Win32
		{64069938-5C13-4551-8260-AD6BE08532CF}.Release|x86.Build.0 = Release|Win32
		{953FC973-ADDE-46BE-AA9D-930AB7CFB606}.Debug|Any CPU.ActiveCfg = Debug|x64
		{953FC973-ADDE-46BE-AA9D-930AB7CFB606}.Debug|Any CPU.Build.0 = Debug|x64
		{953FC973-ADDE-46BE-AA9D-930AB7CFB606}.Debug|x64.ActiveCfg = Debug|x64
		{953FC973-ADDE-46BE-AA9D-930AB7CFB606}.Debug|x64.Build.0 = Debug|x64
		{953FC973-ADDE-46BE-AA9D-930AB7CFB606}.Debug|x86.ActiveCfg = Debug|Win32
		{953FC973-ADDE-46BE-AA9D-930AB7CFB606}.Debug|x86.Build.0 = Debug|Win32
		{953FC973-ADDE-46BE-AA9D-930AB7CFB606}.Release|Any CPU.ActiveCfg = Release|x64
		{953FC973-ADDE-46BE-AA9D-930AB7CFB606}.Release|Any CPU.Build.0 = Release|x64
		{953FC973-ADDE-46BE-AA9D-930AB7CFB606}.Release|x64.ActiveCfg = Release|x64
		{953FC973-ADDE-46BE-AA9D-930AB7CFB606}.Release|x64.Build.0 = Release|x64
		{953FC973-ADDE-46BE-AA9D-930AB7CFB606}.Release|x86.ActiveCfg = Release|Win32
		{953FC973-ADDE-46BE-AA9D-930AB7CFB606}.Release|x86.Build.0 = Release|Win32
		{37A114FC-92E6-4FDA-852D-F68EE30F5B99}.Debug|Any CPU.ActiveCfg = Debug|x64
		{37A114FC-92E6-4FDA-852D-F68EE30F5B99}.Debug|Any CPU.Build.0 = Debug|x64
		{37A114FC-92E6-4FDA-852D-F68EE30F5B99}.Debug|x64.ActiveCfg = Debug|x64
		{37A114FC-92E6-4FDA-852D-F68EE30F5B99}.Debug|x64.Build.0 = Debug|x64
		{37A114FC-92E6-4FDA-852D-F68EE30F5B99}.Debug|x86.ActiveCfg = Debug|Win32
		{37A114FC-92E6-4FDA-852D-F68EE30F5B99}.Debug|x86.Build.0 = Debug|Win32
		{37A114FC-92E6-4FDA-852D-F68EE30F5B99}.Release|Any CPU.ActiveCfg = Release|x64
		{37A114FC-92E6-4FDA-852D-F68EE30F5B99}.Release|Any CPU.Build.0 = Release|x64
		{37A114FC-92E6-4FDA-852D-F68EE30F5B99}.Release|x64.ActiveCfg = Release|x64
		{37A114FC-92E6-4FDA-852D-F68EE30F5B99}.Release|x64.Build.0 = Release|x64
		{37A114FC-92E6-4FDA-852D-F68EE30F5B99}.Release|x86.ActiveCfg = Release|Win32
		{37A114FC-92E6-4FDA-852D-F68EE30F5B99}.Release|x86.Build.0 = Release|Win32
		{60355AC3-ADE5-47E9-B616-F05C6FC113AE}.Debug|Any CPU.ActiveCfg = Debug|x64
		{60355AC3-ADE5-47E9-B616-F05C6FC113AE}.Debug|Any CPU.Build.0 = Debug|x64
		{60355AC3-ADE5-47E9-B616-F05C6FC113AE}.Debug|x64.ActiveCfg = Debug|x64
		{60355AC3-ADE5-47E9-B616-F05C6FC113AE}.Debug|x64.Build.0 = Debug|x64
		{60355AC3-ADE5-47E9-B616-F05C6FC113AE}.Debug|x86.ActiveCfg = Debug|Win32
		{60355AC3-ADE5-47E9-B616-F05C6FC113AE}.Debug|x86.Build.0 = Debug|Win32
		{60355AC3-ADE5-47E9-B616-F05C6FC113AE}.Release|Any CPU.ActiveCfg = Release|x64
		{60355AC3-ADE5-47E9-B616-F05C6FC113AE}.Release|Any CPU.Build.0 = Release|x64
		{60355AC3-ADE5-47E9-B616-F05C6FC113AE}.Release|x64.ActiveCfg = Release|x64
		{60355AC3-ADE5-47E9-B616-F05C6FC113AE}.Release|x64.Build.0 = Release|x64
		{60355AC3-ADE5-47E9-B616-F05C6FC113AE}.Release|x86.ActiveCfg = Release|Win32
		{60355AC3-ADE5-47E9-B616-F05C6FC113AE}.Release|x86.Build.0 = Release|Win32
		{2D42C815-B370-48AB-9DEA-3AC6EF989F35}.Debug|Any CPU.ActiveCfg = Debug|x64
		{2D42C815-B370-48AB-9DEA-3AC6EF989F35}.Debug|Any CPU.Build.0 = Debug|x64
		{2D42C815-B370-48AB-9DEA-3AC6EF989F35}.Debug|x64.ActiveCfg = Debug|x64
		{2D42C815-B370-48AB-9DEA-3AC6EF989F35}.Debug|x64.Build.0 = Debug|x64
		{2D42C815-B370-48AB-9DEA-3AC6EF989F35}.Debug|x86.ActiveCfg = Debug|Win32
		{2D42C815-B370-48AB-9DEA-3AC6EF989F35}.Debug|x86.Build.0 = Debug|Win32
		{2D42C815-B370-48AB-9DEA-3AC6EF989F35}.Release|Any CPU.ActiveCfg = Release|x64
		{2D42C815-B370-48AB-9DEA-3AC6EF989F35}.Release|Any CPU.Build.0 = Release|x64
		{2D42C815-B370-48AB-9DEA-3AC6EF989F35}.Release|x64.ActiveCfg = Release|x64
		{2D42C815-B370-48AB-9DEA-3AC6EF989F35}.Release|x64.Build.0 = Release|x64
		{2D42C815-B370-48AB-9DEA-3AC6EF989F35}.Release|x86.ActiveCfg = Release|Win32
		{2D42C815-B370-48AB-9DEA-3AC6EF989F35}.Release|x86.Build.0 = Release|Win32
		{0A2D1E99-CE20-40F0-A5C6-5ADC16855038}.Debug|Any CPU.ActiveCfg = Debug|Any CPU
		{0A2D1E99-CE20-40F0-A5C6-5ADC16855038}.Debug|Any CPU.Build.0 = Debug|Any CPU
		{0A2D1E99-CE20-40F0-A5C6-5ADC16855038}.Debug|x64.ActiveCfg = Debug|Any CPU
		{0A2D1E99-CE20-40F0-A5C6-5ADC16855038}.Debug|x64.Build.0 = Debug|Any CPU
		{0A2D1E99-CE20-40F0-A5C6-5ADC16855038}.Debug|x86.ActiveCfg = Debug|Any CPU
		{0A2D1E99-CE20-40F0-A5C6-5ADC16855038}.Debug|x86.Build.0 = Debug|Any CPU
		{0A2D1E99-CE20-40F0-A5C6-5ADC16855038}.Release|Any CPU.ActiveCfg = Release|Any CPU
		{0A2D1E99-CE20-40F0-A5C6-5ADC16855038}.Release|Any CPU.Build.0 = Release|Any CPU
		{0A2D1E99-CE20-40F0-A5C6-5ADC16855038}.Release|x64.ActiveCfg = Release|Any CPU
		{0A2D1E99-CE20-40F0-A5C6-5ADC16855038}.Release|x64.Build.0 = Release|Any CPU
		{0A2D1E99-CE20-40F0-A5C6-5ADC16855038}.Release|x86.ActiveCfg = Release|Any CPU
		{0A2D1E99-CE20-40F0-A5C6-5ADC16855038}.Release|x86.Build.0 = Release|Any CPU
		{13867BD8-BD02-4B4E-BE8E-8974BA97E302}.Debug|Any CPU.ActiveCfg = Debug|x64
		{13867BD8-BD02-4B4E-BE8E-8974BA97E302}.Debug|Any CPU.Build.0 = Debug|x64
		{13867BD8-BD02-4B4E-BE8E-8974BA97E302}.Debug|x64.ActiveCfg = Debug|x64
		{13867BD8-BD02-4B4E-BE8E-8974BA97E302}.Debug|x64.Build.0 = Debug|x64
		{13867BD8-BD02-4B4E-BE8E-8974BA97E302}.Debug|x86.ActiveCfg = Debug|Win32
		{13867BD8-BD02-4B4E-BE8E-8974BA97E302}.Debug|x86.Build.0 = Debug|Win32
		{13867BD8-BD02-4B4E-BE8E-8974BA97E302}.Release|Any CPU.ActiveCfg = Release|x64
		{13867BD8-BD02-4B4E-BE8E-8974BA97E302}.Release|Any CPU.Build.0 = Release|x64
		{13867BD8-BD02-4B4E-BE8E-8974BA97E302}.Release|x64.ActiveCfg = Release|x64
		{13867BD8-BD02-4B4E-BE8E-8974BA97E302}.Release|x64.Build.0 = Release|x64
		{13867BD8-BD02-4B4E-BE8E-8974BA97E302}.Release|x86.ActiveCfg = Release|Win32
		{13867BD8-BD02-4B4E-BE8E-8974BA97E302}.Release|x86.Build.0 = Release|Win32
		{9B75EBDC-0E5F-428F-AC63-C979ACD848A1}.Debug|Any CPU.ActiveCfg = Debug|Any CPU
		{9B75EBDC-0E5F-428F-AC63-C979ACD848A1}.Debug|Any CPU.Build.0 = Debug|Any CPU
		{9B75EBDC-0E5F-428F-AC63-C979ACD848A1}.Debug|x64.ActiveCfg = Debug|Any CPU
		{9B75EBDC-0E5F-428F-AC63-C979ACD848A1}.Debug|x64.Build.0 = Debug|Any CPU
		{9B75EBDC-0E5F-428F-AC63-C979ACD848A1}.Debug|x86.ActiveCfg = Debug|Any CPU
		{9B75EBDC-0E5F-428F-AC63-C979ACD848A1}.Debug|x86.Build.0 = Debug|Any CPU
		{9B75EBDC-0E5F-428F-AC63-C979ACD848A1}.Release|Any CPU.ActiveCfg = Release|Any CPU
		{9B75EBDC-0E5F-428F-AC63-C979ACD848A1}.Release|Any CPU.Build.0 = Release|Any CPU
		{9B75EBDC-0E5F-428F-AC63-C979ACD848A1}.Release|x64.ActiveCfg = Release|Any CPU
		{9B75EBDC-0E5F-428F-AC63-C979ACD848A1}.Release|x64.Build.0 = Release|Any CPU
		{9B75EBDC-0E5F-428F-AC63-C979ACD848A1}.Release|x86.ActiveCfg = Release|Any CPU
		{9B75EBDC-0E5F-428F-AC63-C979ACD848A1}.Release|x86.Build.0 = Release|Any CPU
		{2B6D6B65-88E1-4F37-92A4-0CD449E891EF}.Debug|Any CPU.ActiveCfg = Debug|x64
		{2B6D6B65-88E1-4F37-92A4-0CD449E891EF}.Debug|Any CPU.Build.0 = Debug|x64
		{2B6D6B65-88E1-4F37-92A4-0CD449E891EF}.Debug|x64.ActiveCfg = Debug|x64
		{2B6D6B65-88E1-4F37-92A4-0CD449E891EF}.Debug|x64.Build.0 = Debug|x64
		{2B6D6B65-88E1-4F37-92A4-0CD449E891EF}.Debug|x86.ActiveCfg = Debug|Win32
		{2B6D6B65-88E1-4F37-92A4-0CD449E891EF}.Debug|x86.Build.0 = Debug|Win32
		{2B6D6B65-88E1-4F37-92A4-0CD449E891EF}.Release|Any CPU.ActiveCfg = Release|x64
		{2B6D6B65-88E1-4F37-92A4-0CD449E891EF}.Release|Any CPU.Build.0 = Release|x64
		{2B6D6B65-88E1-4F37-92A4-0CD449E891EF}.Release|x64.ActiveCfg = Release|x64
		{2B6D6B65-88E1-4F37-92A4-0CD449E891EF}.Release|x64.Build.0 = Release|x64
		{2B6D6B65-88E1-4F37-92A4-0CD449E891EF}.Release|x86.ActiveCfg = Release|Win32
		{2B6D6B65-88E1-4F37-92A4-0CD449E891EF}.Release|x86.Build.0 = Release|Win32
		{76839042-484C-49F1-AC5F-EB0FF637570B}.Debug|Any CPU.ActiveCfg = Debug|x64
		{76839042-484C-49F1-AC5F-EB0FF637570B}.Debug|Any CPU.Build.0 = Debug|x64
		{76839042-484C-49F1-AC5F-EB0FF637570B}.Debug|x64.ActiveCfg = Debug|x64
		{76839042-484C-49F1-AC5F-EB0FF637570B}.Debug|x64.Build.0 = Debug|x64
		{76839042-484C-49F1-AC5F-EB0FF637570B}.Debug|x86.ActiveCfg = Debug|Win32
		{76839042-484C-49F1-AC5F-EB0FF637570B}.Debug|x86.Build.0 = Debug|Win32
		{76839042-484C-49F1-AC5F-EB0FF637570B}.Release|Any CPU.ActiveCfg = Release|x64
		{76839042-484C-49F1-AC5F-EB0FF637570B}.Release|Any CPU.Build.0 = Release|x64
		{76839042-484C-49F1-AC5F-EB0FF637570B}.Release|x64.ActiveCfg = Release|x64
		{76839042-484C-49F1-AC5F-EB0FF637570B}.Release|x64.Build.0 = Release|x64
		{76839042-484C-49F1-AC5F-EB0FF637570B}.Release|x86.ActiveCfg = Release|Win32
		{76839042-484C-49F1-AC5F-EB0FF637570B}.Release|x86.Build.0 = Release|Win32
		{7036126A-570A-4DEE-AA9F-DDFE9699A95F}.Debug|Any CPU.ActiveCfg = Debug|x64
		{7036126A-570A-4DEE-AA9F-DDFE9699A95F}.Debug|Any CPU.Build.0 = Debug|x64
		{7036126A-570A-4DEE-AA9F-DDFE9699A95F}.Debug|x64.ActiveCfg = Debug|x64
		{7036126A-570A-4DEE-AA9F-DDFE9699A95F}.Debug|x64.Build.0 = Debug|x64
		{7036126A-570A-4DEE-AA9F-DDFE9699A95F}.Debug|x86.ActiveCfg = Debug|Win32
		{7036126A-570A-4DEE-AA9F-DDFE9699A95F}.Debug|x86.Build.0 = Debug|Win32
		{7036126A-570A-4DEE-AA9F-DDFE9699A95F}.Release|Any CPU.ActiveCfg = Release|x64
		{7036126A-570A-4DEE-AA9F-DDFE9699A95F}.Release|Any CPU.Build.0 = Release|x64
		{7036126A-570A-4DEE-AA9F-DDFE9699A95F}.Release|x64.ActiveCfg = Release|x64
		{7036126A-570A-4DEE-AA9F-DDFE9699A95F}.Release|x64.Build.0 = Release|x64
		{7036126A-570A-4DEE-AA9F-DDFE9699A95F}.Release|x86.ActiveCfg = Release|Win32
		{7036126A-570A-4DEE-AA9F-DDFE9699A95F}.Release|x86.Build.0 = Release|Win32
		{FB0C946A-F5CE-4ED8-A135-57CA0BCEA952}.Debug|Any CPU.ActiveCfg = Debug|x64
		{FB0C946A-F5CE-4ED8-A135-57CA0BCEA952}.Debug|Any CPU.Build.0 = Debug|x64
		{FB0C946A-F5CE-4ED8-A135-57CA0BCEA952}.Debug|x64.ActiveCfg = Debug|x64
		{FB0C946A-F5CE-4ED8-A135-57CA0BCEA952}.Debug|x64.Build.0 = Debug|x64
		{FB0C946A-F5CE-4ED8-A135-57CA0BCEA952}.Debug|x86.ActiveCfg = Debug|Win32
		{FB0C946A-F5CE-4ED8-A135-57CA0BCEA952}.Debug|x86.Build.0 = Debug|Win32
		{FB0C946A-F5CE-4ED8-A135-57CA0BCEA952}.Release|Any CPU.ActiveCfg = Release|x64
		{FB0C946A-F5CE-4ED8-A135-57CA0BCEA952}.Release|Any CPU.Build.0 = Release|x64
		{FB0C946A-F5CE-4ED8-A135-57CA0BCEA952}.Release|x64.ActiveCfg = Release|x64
		{FB0C946A-F5CE-4ED8-A135-57CA0BCEA952}.Release|x64.Build.0 = Release|x64
		{FB0C946A-F5CE-4ED8-A135-57CA0BCEA952}.Release|x86.ActiveCfg = Release|Win32
		{FB0C946A-F5CE-4ED8-A135-57CA0BCEA952}.Release|x86.Build.0 = Release|Win32
		{DC1E3852-E8D3-4DED-82AF-8AADB9659C97}.Debug|Any CPU.ActiveCfg = Debug|x64
		{DC1E3852-E8D3-4DED-82AF-8AADB9659C97}.Debug|Any CPU.Build.0 = Debug|x64
		{DC1E3852-E8D3-4DED-82AF-8AADB9659C97}.Debug|x64.ActiveCfg = Debug|x64
		{DC1E3852-E8D3-4DED-82AF-8AADB9659C97}.Debug|x64.Build.0 = Debug|x64
		{DC1E3852-E8D3-4DED-82AF-8AADB9659C97}.Debug|x86.ActiveCfg = Debug|Win32
		{DC1E3852-E8D3-4DED-82AF-8AADB9659C97}.Debug|x86.Build.0 = Debug|Win32
		{DC1E3852-E8D3-4DED-82AF-8AADB9659C97}.Release|Any CPU.ActiveCfg = Release|x64
		{DC1E3852-E8D3-4DED-82AF-8AADB9659C97}.Release|Any CPU.Build.0 = Release|x64
		{DC1E3852-E8D3-4DED-82AF-8AADB9659C97}.Release|x64.ActiveCfg = Release|x64
		{DC1E3852-E8D3-4DED-82AF-8AADB9659C97}.Release|x64.Build.0 = Release|x64
		{DC1E3852-E8D3-4DED-82AF-8AADB9659C97}.Release|x86.ActiveCfg = Release|Win32
		{DC1E3852-E8D3-4DED-82AF-8AADB9659C97}.Release|x86.Build.0 = Release|Win32
		{E2CE187A-03C3-44C7-A8A2-0EE8F5D08A17}.Debug|Any CPU.ActiveCfg = Debug|x64
		{E2CE187A-03C3-44C7-A8A2-0EE8F5D08A17}.Debug|Any CPU.Build.0 = Debug|x64
		{E2CE187A-03C3-44C7-A8A2-0EE8F5D08A17}.Debug|x64.ActiveCfg = Debug|x64
		{E2CE187A-03C3-44C7-A8A2-0EE8F5D08A17}.Debug|x64.Build.0 = Debug|x64
		{E2CE187A-03C3-44C7-A8A2-0EE8F5D08A17}.Debug|x86.ActiveCfg = Debug|Win32
		{E2CE187A-03C3-44C7-A8A2-0EE8F5D08A17}.Debug|x86.Build.0 = Debug|Win32
		{E2CE187A-03C3-44C7-A8A2-0EE8F5D08A17}.Release|Any CPU.ActiveCfg = Release|x64
		{E2CE187A-03C3-44C7-A8A2-0EE8F5D08A17}.Release|Any CPU.Build.0 = Release|x64
		{E2CE187A-03C3-44C7-A8A2-0EE8F5D08A17}.Release|x64.ActiveCfg = Release|x64
		{E2CE187A-03C3-44C7-A8A2-0EE8F5D08A17}.Release|x64.Build.0 = Release|x64
		{E2CE187A-03C3-44C7-A8A2-0EE8F5D08A17}.Release|x86.ActiveCfg = Release|Win32
		{E2CE187A-03C3-44C7-A8A2-0EE8F5D08A17}.Release|x86.Build.0 = Release|Win32
		{2C9827F7-6EEC-4835-9956-E72FCF93AE2D}.Debug|Any CPU.ActiveCfg = Debug|x64
		{2C9827F7-6EEC-4835-9956-E72FCF93AE2D}.Debug|Any CPU.Build.0 = Debug|x64
		{2C9827F7-6EEC-4835-9956-E72FCF93AE2D}.Debug|x64.ActiveCfg = Debug|x64
		{2C9827F7-6EEC-4835-9956-E72FCF93AE2D}.Debug|x64.Build.0 = Debug|x64
		{2C9827F7-6EEC-4835-9956-E72FCF93AE2D}.Debug|x86.ActiveCfg = Debug|Win32
		{2C9827F7-6EEC-4835-9956-E72FCF93AE2D}.Debug|x86.Build.0 = Debug|Win32
		{2C9827F7-6EEC-4835-9956-E72FCF93AE2D}.Release|Any CPU.ActiveCfg = Release|x64
		{2C9827F7-6EEC-4835-9956-E72FCF93AE2D}.Release|Any CPU.Build.0 = Release|x64
		{2C9827F7-6EEC-4835-9956-E72FCF93AE2D}.Release|x64.ActiveCfg = Release|x64
		{2C9827F7-6EEC-4835-9956-E72FCF93AE2D}.Release|x64.Build.0 = Release|x64
		{2C9827F7-6EEC-4835-9956-E72FCF93AE2D}.Release|x86.ActiveCfg = Release|Win32
		{2C9827F7-6EEC-4835-9956-E72FCF93AE2D}.Release|x86.Build.0 = Release|Win32
		{F19F21B3-53E6-4F3F-A141-81557E5439C6}.Debug|Any CPU.ActiveCfg = Debug|x64
		{F19F21B3-53E6-4F3F-A141-81557E5439C6}.Debug|Any CPU.Build.0 = Debug|x64
		{F19F21B3-53E6-4F3F-A141-81557E5439C6}.Debug|x64.ActiveCfg = Debug|x64
		{F19F21B3-53E6-4F3F-A141-81557E5439C6}.Debug|x64.Build.0 = Debug|x64
		{F19F21B3-53E6-4F3F-A141-81557E5439C6}.Debug|x86.ActiveCfg = Debug|Win32
		{F19F21B3-53E6-4F3F-A141-81557E5439C6}.Debug|x86.Build.0 = Debug|Win32
		{F19F21B3-53E6-4F3F-A141-81557E5439C6}.Release|Any CPU.ActiveCfg = Release|x64
		{F19F21B3-53E6-4F3F-A141-81557E5439C6}.Release|Any CPU.Build.0 = Release|x64
		{F19F21B3-53E6-4F3F-A141-81557E5439C6}.Release|x64.ActiveCfg = Release|x64
		{F19F21B3-53E6-4F3F-A141-81557E5439C6}.Release|x64.Build.0 = Release|x64
		{F19F21B3-53E6-4F3F-A141-81557E5439C6}.Release|x86.ActiveCfg = Release|Win32
		{F19F21B3-53E6-4F3F-A141-81557E5439C6}.Release|x86.Build.0 = Release|Win32
		{9E6B3D35-D97B-446D-9DC4-82FB46326D80}.Debug|Any CPU.ActiveCfg = Debug|x64
		{9E6B3D35-D97B-446D-9DC4-82FB46326D80}.Debug|Any CPU.Build.0 = Debug|x64
		{9E6B3D35-D97B-446D-9DC4-82FB46326D80}.Debug|x64.ActiveCfg = Debug|x64
		{9E6B3D35-D97B-446D-9DC4-82FB46326D80}.Debug|x64.Build.0 = Debug|x64
		{9E6B3D35-D97B-446D-9DC4-82FB46326D80}.Debug|x86.ActiveCfg = Debug|Win32
		{9E6B3D35-D97B-446D-9DC4-82FB46326D80}.Debug|x86.Build.0 = Debug|Win32
		{9E6B3D35-D97B-446D-9DC4-82FB46326D80}.Release|Any CPU.ActiveCfg = Release|x64
		{9E6B3D35-D97B-446D-9DC4-82FB46326D80}.Release|Any CPU.Build.0 = Release|x64
		{9E6B3D35-D97B-446D-9DC4-82FB46326D80}.Release|x64.ActiveCfg = Release|x64
		{9E6B3D35-D97B-446D-9DC4-82FB46326D80}.Release|x64.Build.0 = Release|x64
		{9E6B3D35-D97B-446D-9DC4-82FB46326D80}.Release|x86.ActiveCfg = Release|Win32
		{9E6B3D35-D97B-446D-9DC4-82FB46326D80}.Release|x86.Build.0 = Release|Win32
		{8CDB475C-B152-4DE0-B751-F41AA60992A9}.Debug|Any CPU.ActiveCfg = Debug|x64
		{8CDB475C-B152-4DE0-B751-F41AA60992A9}.Debug|Any CPU.Build.0 = Debug|x64
		{8CDB475C-B152-4DE0-B751-F41AA60992A9}.Debug|x64.ActiveCfg = Debug|x64
		{8CDB475C-B152-4DE0-B751-F41AA60992A9}.Debug|x64.Build.0 = Debug|x64
		{8CDB475C-B152-4DE0-B751-F41AA60992A9}.Debug|x86.ActiveCfg = Debug|Win32
		{8CDB475C-B152-4DE0-B751-F41AA60992A9}.Debug|x86.Build.0 = Debug|Win32
		{8CDB475C-B152-4DE0-B751-F41AA60992A9}.Release|Any CPU.ActiveCfg = Release|x64
		{8CDB475C-B152-4DE0-B751-F41AA60992A9}.Release|Any CPU.Build.0 = Release|x64
		{8CDB475C-B152-4DE0-B751-F41AA60992A9}.Release|x64.ActiveCfg = Release|x64
		{8CDB475C-B152-4DE0-B751-F41AA60992A9}.Release|x64.Build.0 = Release|x64
		{8CDB475C-B152-4DE0-B751-F41AA60992A9}.Release|x86.ActiveCfg = Release|Win32
		{8CDB475C-B152-4DE0-B751-F41AA60992A9}.Release|x86.Build.0 = Release|Win32
		{BF5C93B4-E202-4405-AAA5-7BAD85B28790}.Debug|Any CPU.ActiveCfg = Debug|x64
		{BF5C93B4-E202-4405-AAA5-7BAD85B28790}.Debug|Any CPU.Build.0 = Debug|x64
		{BF5C93B4-E202-4405-AAA5-7BAD85B28790}.Debug|x64.ActiveCfg = Debug|x64
		{BF5C93B4-E202-4405-AAA5-7BAD85B28790}.Debug|x64.Build.0 = Debug|x64
		{BF5C93B4-E202-4405-AAA5-7BAD85B28790}.Debug|x86.ActiveCfg = Debug|Win32
		{BF5C93B4-E202-4405-AAA5-7BAD85B28790}.Debug|x86.Build.0 = Debug|Win32
		{BF5C93B4-E202-4405-AAA5-7BAD85B28790}.Release|Any CPU.ActiveCfg = Release|x64
		{BF5C93B4-E202-4405-AAA5-7BAD85B28790}.Release|Any CPU.Build.0 = Release|x64
		{BF5C93B4-E202-4405-AAA5-7BAD85B28790}.Release|x64.ActiveCfg = Release|x64
		{BF5C93B4-E202-4405-AAA5-7BAD85B28790}.Release|x64.Build.0 = Release|x64
		{BF5C93B4-E202-4405-AAA5-7BAD85B28790}.Release|x86.ActiveCfg = Release|Win32
		{BF5C93B4-E202-4405-AAA5-7BAD85B28790}.Release|x86.Build.0 = Release|Win32
		{E95A0BAE-85B3-439A-999F-D11BD68A21F1}.Debug|Any CPU.ActiveCfg = Debug|x64
		{E95A0BAE-85B3-439A-999F-D11BD68A21F1}.Debug|Any CPU.Build.0 = Debug|x64
		{E95A0BAE-85B3-439A-999F-D11BD68A21F1}.Debug|x64.ActiveCfg = Debug|x64
		{E95A0BAE-85B3-439A-999F-D11BD68A21F1}.Debug|x64.Build.0 = Debug|x64
		{E95A0BAE-85B3-439A-999F-D11BD68A21F1}.Debug|x86.ActiveCfg = Debug|Win32
		{E95A0BAE-85B3-439A-999F-D11BD68A21F1}.Debug|x86.Build.0 = Debug|Win32
		{E95A0BAE-85B3-439A-999F-D11BD68A21F1}.Release|Any CPU.ActiveCfg = Release|x64
		{E95A0BAE-85B3-439A-999F-D11BD68A21F1}.Release|Any CPU.Build.0 = Release|x64
		{E95A0BAE-85B3-439A-999F-D11BD68A21F1}.Release|x64.ActiveCfg = Release|x64
		{E95A0BAE-85B3-439A-999F-D11BD68A21F1}.Release|x64.Build.0 = Release|x64
		{E95A0BAE-85B3-439A-999F-D11BD68A21F1}.Release|x86.ActiveCfg = Release|Win32
		{E95A0BAE-85B3-439A-999F-D11BD68A21F1}.Release|x86.Build.0 = Release|Win32
		{584383F7-0B43-48DE-A66E-652D264ECE15}.Debug|Any CPU.ActiveCfg = Debug|x64
		{584383F7-0B43-48DE-A66E-652D264ECE15}.Debug|Any CPU.Build.0 = Debug|x64
		{584383F7-0B43-48DE-A66E-652D264ECE15}.Debug|x64.ActiveCfg = Debug|x64
		{584383F7-0B43-48DE-A66E-652D264ECE15}.Debug|x64.Build.0 = Debug|x64
		{584383F7-0B43-48DE-A66E-652D264ECE15}.Debug|x86.ActiveCfg = Debug|Win32
		{584383F7-0B43-48DE-A66E-652D264ECE15}.Debug|x86.Build.0 = Debug|Win32
		{584383F7-0B43-48DE-A66E-652D264ECE15}.Release|Any CPU.ActiveCfg = Release|x64
		{584383F7-0B43-48DE-A66E-652D264ECE15}.Release|Any CPU.Build.0 = Release|x64
		{584383F7-0B43-48DE-A66E-652D264ECE15}.Release|x64.ActiveCfg = Release|x64
		{584383F7-0B43-48DE-A66E-652D264ECE15}.Release|x64.Build.0 = Release|x64
		{584383F7-0B43-48DE-A66E-652D264ECE15}.Release|x86.ActiveCfg = Release|Win32
		{584383F7-0B43-48DE-A66E-652D264ECE15}.Release|x86.Build.0 = Release|Win32
		{8BA107F4-8F7C-43F2-9979-EAA2CE50DAEF}.Debug|Any CPU.ActiveCfg = Debug|x64
		{8BA107F4-8F7C-43F2-9979-EAA2CE50DAEF}.Debug|Any CPU.Build.0 = Debug|x64
		{8BA107F4-8F7C-43F2-9979-EAA2CE50DAEF}.Debug|x64.ActiveCfg = Debug|x64
		{8BA107F4-8F7C-43F2-9979-EAA2CE50DAEF}.Debug|x64.Build.0 = Debug|x64
		{8BA107F4-8F7C-43F2-9979-EAA2CE50DAEF}.Debug|x86.ActiveCfg = Debug|Win32
		{8BA107F4-8F7C-43F2-9979-EAA2CE50DAEF}.Debug|x86.Build.0 = Debug|Win32
		{8BA107F4-8F7C-43F2-9979-EAA2CE50DAEF}.Release|Any CPU.ActiveCfg = Release|x64
		{8BA107F4-8F7C-43F2-9979-EAA2CE50DAEF}.Release|Any CPU.Build.0 = Release|x64
		{8BA107F4-8F7C-43F2-9979-EAA2CE50DAEF}.Release|x64.ActiveCfg = Release|x64
		{8BA107F4-8F7C-43F2-9979-EAA2CE50DAEF}.Release|x64.Build.0 = Release|x64
		{8BA107F4-8F7C-43F2-9979-EAA2CE50DAEF}.Release|x86.ActiveCfg = Release|Win32
		{8BA107F4-8F7C-43F2-9979-EAA2CE50DAEF}.Release|x86.Build.0 = Release|Win32
		{0934B913-12D3-4CF8-AF99-719EE971F41B}.Debug|Any CPU.ActiveCfg = Debug|x64
		{0934B913-12D3-4CF8-AF99-719EE971F41B}.Debug|Any CPU.Build.0 = Debug|x64
		{0934B913-12D3-4CF8-AF99-719EE971F41B}.Debug|x64.ActiveCfg = Debug|x64
		{0934B913-12D3-4CF8-AF99-719EE971F41B}.Debug|x64.Build.0 = Debug|x64
		{0934B913-12D3-4CF8-AF99-719EE971F41B}.Debug|x86.ActiveCfg = Debug|Win32
		{0934B913-12D3-4CF8-AF99-719EE971F41B}.Debug|x86.Build.0 = Debug|Win32
		{0934B913-12D3-4CF8-AF99-719EE971F41B}.Release|Any CPU.ActiveCfg = Release|x64
		{0934B913-12D3-4CF8-AF99-719EE971F41B}.Release|Any CPU.Build.0 = Release|x64
		{0934B913-12D3-4CF8-AF99-719EE971F41B}.Release|x64.ActiveCfg = Release|x64
		{0934B913-12D3-4CF8-AF99-719EE971F41B}.Release|x64.Build.0 = Release|x64
		{0934B913-12D3-4CF8-AF99-719EE971F41B}.Release|x86.ActiveCfg = Release|Win32
		{0934B913-12D3-4CF8-AF99-719EE971F41B}.Release|x86.Build.0 = Release|Win32
		{43F97E52-BFF1-4A55-8F15-DCF569752A00}.Debug|Any CPU.ActiveCfg = Debug|x64
		{43F97E52-BFF1-4A55-8F15-DCF569752A00}.Debug|Any CPU.Build.0 = Debug|x64
		{43F97E52-BFF1-4A55-8F15-DCF569752A00}.Debug|x64.ActiveCfg = Debug|x64
		{43F97E52-BFF1-4A55-8F15-DCF569752A00}.Debug|x64.Build.0 = Debug|x64
		{43F97E52-BFF1-4A55-8F15-DCF569752A00}.Debug|x86.ActiveCfg = Debug|Win32
		{43F97E52-BFF1-4A55-8F15-DCF569752A00}.Debug|x86.Build.0 = Debug|Win32
		{43F97E52-BFF1-4A55-8F15-DCF569752A00}.Release|Any CPU.ActiveCfg = Release|x64
		{43F97E52-BFF1-4A55-8F15-DCF569752A00}.Release|Any CPU.Build.0 = Release|x64
		{43F97E52-BFF1-4A55-8F15-DCF569752A00}.Release|x64.ActiveCfg = Release|x64
		{43F97E52-BFF1-4A55-8F15-DCF569752A00}.Release|x64.Build.0 = Release|x64
		{43F97E52-BFF1-4A55-8F15-DCF569752A00}.Release|x86.ActiveCfg = Release|Win32
		{43F97E52-BFF1-4A55-8F15-DCF569752A00}.Release|x86.Build.0 = Release|Win32
		{0C45F2CB-23DD-434D-B297-977DD61305A4}.Debug|Any CPU.ActiveCfg = Debug|x64
		{0C45F2CB-23DD-434D-B297-977DD61305A4}.Debug|Any CPU.Build.0 = Debug|x64
		{0C45F2CB-23DD-434D-B297-977DD61305A4}.Debug|x64.ActiveCfg = Debug|x64
		{0C45F2CB-23DD-434D-B297-977DD61305A4}.Debug|x64.Build.0 = Debug|x64
		{0C45F2CB-23DD-434D-B297-977DD61305A4}.Debug|x86.ActiveCfg = Debug|Win32
		{0C45F2CB-23DD-434D-B297-977DD61305A4}.Debug|x86.Build.0 = Debug|Win32
		{0C45F2CB-23DD-434D-B297-977DD61305A4}.Release|Any CPU.ActiveCfg = Release|x64
		{0C45F2CB-23DD-434D-B297-977DD61305A4}.Release|Any CPU.Build.0 = Release|x64
		{0C45F2CB-23DD-434D-B297-977DD61305A4}.Release|x64.ActiveCfg = Release|x64
		{0C45F2CB-23DD-434D-B297-977DD61305A4}.Release|x64.Build.0 = Release|x64
		{0C45F2CB-23DD-434D-B297-977DD61305A4}.Release|x86.ActiveCfg = Release|Win32
		{0C45F2CB-23DD-434D-B297-977DD61305A4}.Release|x86.Build.0 = Release|Win32
		{0E3475F1-F439-41E8-B6C2-7E7433F584F0}.Debug|Any CPU.ActiveCfg = Debug|x64
		{0E3475F1-F439-41E8-B6C2-7E7433F584F0}.Debug|Any CPU.Build.0 = Debug|x64
		{0E3475F1-F439-41E8-B6C2-7E7433F584F0}.Debug|x64.ActiveCfg = Debug|x64
		{0E3475F1-F439-41E8-B6C2-7E7433F584F0}.Debug|x64.Build.0 = Debug|x64
		{0E3475F1-F439-41E8-B6C2-7E7433F584F0}.Debug|x86.ActiveCfg = Debug|Win32
		{0E3475F1-F439-41E8-B6C2-7E7433F584F0}.Debug|x86.Build.0 = Debug|Win32
		{0E3475F1-F439-41E8-B6C2-7E7433F584F0}.Release|Any CPU.ActiveCfg = Release|x64
		{0E3475F1-F439-41E8-B6C2-7E7433F584F0}.Release|Any CPU.Build.0 = Release|x64
		{0E3475F1-F439-41E8-B6C2-7E7433F584F0}.Release|x64.ActiveCfg = Release|x64
		{0E3475F1-F439-41E8-B6C2-7E7433F584F0}.Release|x64.Build.0 = Release|x64
		{0E3475F1-F439-41E8-B6C2-7E7433F584F0}.Release|x86.ActiveCfg = Release|Win32
		{0E3475F1-F439-41E8-B6C2-7E7433F584F0}.Release|x86.Build.0 = Release|Win32
		{2339AE82-5CE4-4EA8-8802-1B3E1F5471E4}.Debug|Any CPU.ActiveCfg = Debug|x64
		{2339AE82-5CE4-4EA8-8802-1B3E1F5471E4}.Debug|Any CPU.Build.0 = Debug|x64
		{2339AE82-5CE4-4EA8-8802-1B3E1F5471E4}.Debug|x64.ActiveCfg = Debug|x64
		{2339AE82-5CE4-4EA8-8802-1B3E1F5471E4}.Debug|x64.Build.0 = Debug|x64
		{2339AE82-5CE4-4EA8-8802-1B3E1F5471E4}.Debug|x86.ActiveCfg = Debug|Win32
		{2339AE82-5CE4-4EA8-8802-1B3E1F5471E4}.Debug|x86.Build.0 = Debug|Win32
		{2339AE82-5CE4-4EA8-8802-1B3E1F5471E4}.Release|Any CPU.ActiveCfg = Release|x64
		{2339AE82-5CE4-4EA8-8802-1B3E1F5471E4}.Release|Any CPU.Build.0 = Release|x64
		{2339AE82-5CE4-4EA8-8802-1B3E1F5471E4}.Release|x64.ActiveCfg = Release|x64
		{2339AE82-5CE4-4EA8-8802-1B3E1F5471E4}.Release|x64.Build.0 = Release|x64
		{2339AE82-5CE4-4EA8-8802-1B3E1F5471E4}.Release|x86.ActiveCfg = Release|Win32
		{2339AE82-5CE4-4EA8-8802-1B3E1F5471E4}.Release|x86.Build.0 = Release|Win32
		{31E1FFEC-BF30-4A1E-8A0D-FE45837DF082}.Debug|Any CPU.ActiveCfg = Debug|x64
		{31E1FFEC-BF30-4A1E-8A0D-FE45837DF082}.Debug|Any CPU.Build.0 = Debug|x64
		{31E1FFEC-BF30-4A1E-8A0D-FE45837DF082}.Debug|x64.ActiveCfg = Debug|x64
		{31E1FFEC-BF30-4A1E-8A0D-FE45837DF082}.Debug|x64.Build.0 = Debug|x64
		{31E1FFEC-BF30-4A1E-8A0D-FE45837DF082}.Debug|x86.ActiveCfg = Debug|Win32
		{31E1FFEC-BF30-4A1E-8A0D-FE45837DF082}.Debug|x86.Build.0 = Debug|Win32
		{31E1FFEC-BF30-4A1E-8A0D-FE45837DF082}.Release|Any CPU.ActiveCfg = Release|x64
		{31E1FFEC-BF30-4A1E-8A0D-FE45837DF082}.Release|Any CPU.Build.0 = Release|x64
		{31E1FFEC-BF30-4A1E-8A0D-FE45837DF082}.Release|x64.ActiveCfg = Release|x64
		{31E1FFEC-BF30-4A1E-8A0D-FE45837DF082}.Release|x64.Build.0 = Release|x64
		{31E1FFEC-BF30-4A1E-8A0D-FE45837DF082}.Release|x86.ActiveCfg = Release|Win32
		{31E1FFEC-BF30-4A1E-8A0D-FE45837DF082}.Release|x86.Build.0 = Release|Win32
		{0CB19575-7E27-47D1-B61F-BD1A6ABDD72C}.Debug|Any CPU.ActiveCfg = Debug|x64
		{0CB19575-7E27-47D1-B61F-BD1A6ABDD72C}.Debug|Any CPU.Build.0 = Debug|x64
		{0CB19575-7E27-47D1-B61F-BD1A6ABDD72C}.Debug|x64.ActiveCfg = Debug|x64
		{0CB19575-7E27-47D1-B61F-BD1A6ABDD72C}.Debug|x64.Build.0 = Debug|x64
		{0CB19575-7E27-47D1-B61F-BD1A6ABDD72C}.Debug|x86.ActiveCfg = Debug|Win32
		{0CB19575-7E27-47D1-B61F-BD1A6ABDD72C}.Debug|x86.Build.0 = Debug|Win32
		{0CB19575-7E27-47D1-B61F-BD1A6ABDD72C}.Release|Any CPU.ActiveCfg = Release|x64
		{0CB19575-7E27-47D1-B61F-BD1A6ABDD72C}.Release|Any CPU.Build.0 = Release|x64
		{0CB19575-7E27-47D1-B61F-BD1A6ABDD72C}.Release|x64.ActiveCfg = Release|x64
		{0CB19575-7E27-47D1-B61F-BD1A6ABDD72C}.Release|x64.Build.0 = Release|x64
		{0CB19575-7E27-47D1-B61F-BD1A6ABDD72C}.Release|x86.ActiveCfg = Release|Win32
		{0CB19575-7E27-47D1-B61F-BD1A6ABDD72C}.Release|x86.Build.0 = Release|Win32
		{D56DCE29-AD98-413C-910B-1725716D113F}.Debug|Any CPU.ActiveCfg = Debug|x64
		{D56DCE29-AD98-413C-910B-1725716D113F}.Debug|Any CPU.Build.0 = Debug|x64
		{D56DCE29-AD98-413C-910B-1725716D113F}.Debug|x64.ActiveCfg = Debug|x64
		{D56DCE29-AD98-413C-910B-1725716D113F}.Debug|x64.Build.0 = Debug|x64
		{D56DCE29-AD98-413C-910B-1725716D113F}.Debug|x86.ActiveCfg = Debug|Win32
		{D56DCE29-AD98-413C-910B-1725716D113F}.Debug|x86.Build.0 = Debug|Win32
		{D56DCE29-AD98-413C-910B-1725716D113F}.Release|Any CPU.ActiveCfg = Release|x64
		{D56DCE29-AD98-413C-910B-1725716D113F}.Release|Any CPU.Build.0 = Release|x64
		{D56DCE29-AD98-413C-910B-1725716D113F}.Release|x64.ActiveCfg = Release|x64
		{D56DCE29-AD98-413C-910B-1725716D113F}.Release|x64.Build.0 = Release|x64
		{D56DCE29-AD98-413C-910B-1725716D113F}.Release|x86.ActiveCfg = Release|Win32
		{D56DCE29-AD98-413C-910B-1725716D113F}.Release|x86.Build.0 = Release|Win32
		{E1C2013B-B686-4462-A385-E9D05A398DA6}.Debug|Any CPU.ActiveCfg = Debug|x64
		{E1C2013B-B686-4462-A385-E9D05A398DA6}.Debug|Any CPU.Build.0 = Debug|x64
		{E1C2013B-B686-4462-A385-E9D05A398DA6}.Debug|x64.ActiveCfg = Debug|x64
		{E1C2013B-B686-4462-A385-E9D05A398DA6}.Debug|x64.Build.0 = Debug|x64
		{E1C2013B-B686-4462-A385-E9D05A398DA6}.Debug|x86.ActiveCfg = Debug|Win32
		{E1C2013B-B686-4462-A385-E9D05A398DA6}.Debug|x86.Build.0 = Debug|Win32
		{E1C2013B-B686-4462-A385-E9D05A398DA6}.Release|Any CPU.ActiveCfg = Release|x64
		{E1C2013B-B686-4462-A385-E9D05A398DA6}.Release|Any CPU.Build.0 = Release|x64
		{E1C2013B-B686-4462-A385-E9D05A398DA6}.Release|x64.ActiveCfg = Release|x64
		{E1C2013B-B686-4462-A385-E9D05A398DA6}.Release|x64.Build.0 = Release|x64
		{E1C2013B-B686-4462-A385-E9D05A398DA6}.Release|x86.ActiveCfg = Release|Win32
		{E1C2013B-B686-4462-A385-E9D05A398DA6}.Release|x86.Build.0 = Release|Win32
		{595AAFC3-DA18-4278-8649-A6996E9282FF}.Debug|Any CPU.ActiveCfg = Debug|x64
		{595AAFC3-DA18-4278-8649-A6996E9282FF}.Debug|Any CPU.Build.0 = Debug|x64
		{595AAFC3-DA18-4278-8649-A6996E9282FF}.Debug|x64.ActiveCfg = Debug|x64
		{595AAFC3-DA18-4278-8649-A6996E9282FF}.Debug|x64.Build.0 = Debug|x64
		{595AAFC3-DA18-4278-8649-A6996E9282FF}.Debug|x86.ActiveCfg = Debug|Win32
		{595AAFC3-DA18-4278-8649-A6996E9282FF}.Debug|x86.Build.0 = Debug|Win32
		{595AAFC3-DA18-4278-8649-A6996E9282FF}.Release|Any CPU.ActiveCfg = Release|x64
		{595AAFC3-DA18-4278-8649-A6996E9282FF}.Release|Any CPU.Build.0 = Release|x64
		{595AAFC3-DA18-4278-8649-A6996E9282FF}.Release|x64.ActiveCfg = Release|x64
		{595AAFC3-DA18-4278-8649-A6996E9282FF}.Release|x64.Build.0 = Release|x64
		{595AAFC3-DA18-4278-8649-A6996E9282FF}.Release|x86.ActiveCfg = Release|Win32
		{595AAFC3-DA18-4278-8649-A6996E9282FF}.Release|x86.Build.0 = Release|Win32
		{A6774928-F167-46DC-9ACC-E69113E9624A}.Debug|Any CPU.ActiveCfg = Debug|x64
		{A6774928-F167-46DC-9ACC-E69113E9624A}.Debug|Any CPU.Build.0 = Debug|x64
		{A6774928-F167-46DC-9ACC-E69113E9624A}.Debug|x64.ActiveCfg = Debug|x64
		{A6774928-F167-46DC-9ACC-E69113E9624A}.Debug|x64.Build.0 = Debug|x64
		{A6774928-F167-46DC-9ACC-E69113E9624A}.Debug|x86.ActiveCfg = Debug|Win32
		{A6774928-F167-46DC-9ACC-E69113E9624A}.Debug|x86.Build.0 = Debug|Win32
		{A6774928-F167-46DC-9ACC-E69113E9624A}.Release|Any CPU.ActiveCfg = Release|x64
		{A6774928-F167-46DC-9ACC-E69113E9624A}.Release|Any CPU.Build.0 = Release|x64
		{A6774928-F167-46DC-9ACC-E69113E9624A}.Release|x64.ActiveCfg = Release|x64
		{A6774928-F167-46DC-9ACC-E69113E9624A}.Release|x64.Build.0 = Release|x64
		{A6774928-F167-46DC-9ACC-E69113E9624A}.Release|x86.ActiveCfg = Release|Win32
		{A6774928-F167-46DC-9ACC-E69113E9624A}.Release|x86.Build.0 = Release|Win32
		{2D985656-F8A0-4A3F-B79B-DB53CD450216}.Debug|Any CPU.ActiveCfg = Debug|x64
		{2D985656-F8A0-4A3F-B79B-DB53CD450216}.Debug|Any CPU.Build.0 = Debug|x64
		{2D985656-F8A0-4A3F-B79B-DB53CD450216}.Debug|x64.ActiveCfg = Debug|x64
		{2D985656-F8A0-4A3F-B79B-DB53CD450216}.Debug|x64.Build.0 = Debug|x64
		{2D985656-F8A0-4A3F-B79B-DB53CD450216}.Debug|x86.ActiveCfg = Debug|Win32
		{2D985656-F8A0-4A3F-B79B-DB53CD450216}.Debug|x86.Build.0 = Debug|Win32
		{2D985656-F8A0-4A3F-B79B-DB53CD450216}.Release|Any CPU.ActiveCfg = Release|x64
		{2D985656-F8A0-4A3F-B79B-DB53CD450216}.Release|Any CPU.Build.0 = Release|x64
		{2D985656-F8A0-4A3F-B79B-DB53CD450216}.Release|x64.ActiveCfg = Release|x64
		{2D985656-F8A0-4A3F-B79B-DB53CD450216}.Release|x64.Build.0 = Release|x64
		{2D985656-F8A0-4A3F-B79B-DB53CD450216}.Release|x86.ActiveCfg = Release|Win32
		{2D985656-F8A0-4A3F-B79B-DB53CD450216}.Release|x86.Build.0 = Release|Win32
		{CED60B0D-731C-40E7-AA40-8035B9F55574}.Debug|Any CPU.ActiveCfg = Debug|Any CPU
		{CED60B0D-731C-40E7-AA40-8035B9F55574}.Debug|Any CPU.Build.0 = Debug|Any CPU
		{CED60B0D-731C-40E7-AA40-8035B9F55574}.Debug|x64.ActiveCfg = Debug|Any CPU
		{CED60B0D-731C-40E7-AA40-8035B9F55574}.Debug|x64.Build.0 = Debug|Any CPU
		{CED60B0D-731C-40E7-AA40-8035B9F55574}.Debug|x86.ActiveCfg = Debug|Any CPU
		{CED60B0D-731C-40E7-AA40-8035B9F55574}.Debug|x86.Build.0 = Debug|Any CPU
		{CED60B0D-731C-40E7-AA40-8035B9F55574}.Release|Any CPU.ActiveCfg = Release|Any CPU
		{CED60B0D-731C-40E7-AA40-8035B9F55574}.Release|Any CPU.Build.0 = Release|Any CPU
		{CED60B0D-731C-40E7-AA40-8035B9F55574}.Release|x64.ActiveCfg = Release|Any CPU
		{CED60B0D-731C-40E7-AA40-8035B9F55574}.Release|x64.Build.0 = Release|Any CPU
		{CED60B0D-731C-40E7-AA40-8035B9F55574}.Release|x86.ActiveCfg = Release|Any CPU
		{CED60B0D-731C-40E7-AA40-8035B9F55574}.Release|x86.Build.0 = Release|Any CPU
	EndGlobalSection
	GlobalSection(SolutionProperties) = preSolution
		HideSolutionNode = FALSE
	EndGlobalSection
	GlobalSection(ExtensibilityGlobals) = postSolution
		SolutionGuid = {092F36BA-019D-4BF2-9923-8F13302A3160}
	EndGlobalSection
EndGlobal
